
Microsoft Visual Studio Solution File, Format Version 12.00
# Visual Studio Version 16
VisualStudioVersion = 16.0.29709.97
MinimumVisualStudioVersion = 10.0.40219.1
Project("{8BC9CEB8-8B4A-11D0-8D11-00A0C91BC942}") = "MiroRL", "MiroRL\MiroRL.vcxproj", "{FA97AC77-FC8A-4A52-80F4-CB17952D0115}"
EndProject
Global
	GlobalSection(SolutionConfigurationPlatforms) = preSolution
		Debug|x64 = Debug|x64
		Debug|x86 = Debug|x86
		Release|x64 = Release|x64
		Release|x86 = Release|x86
	EndGlobalSection
	GlobalSection(ProjectConfigurationPlatforms) = postSolution
		{FA97AC77-FC8A-4A52-80F4-CB17952D0115}.Debug|x64.ActiveCfg = Debug|x64
		{FA97AC77-FC8A-4A52-80F4-CB17952D0115}.Debug|x64.Build.0 = Debug|x64
		{FA97AC77-FC8A-4A52-80F4-CB17952D0115}.Debug|x86.ActiveCfg = Debug|Win32
		{FA97AC77-FC8A-4A52-80F4-CB17952D0115}.Debug|x86.Build.0 = Debug|Win32
		{FA97AC77-FC8A-4A52-80F4-CB17952D0115}.Release|x64.ActiveCfg = Release|x64
		{FA97AC77-FC8A-4A52-80F4-CB17952D0115}.Release|x64.Build.0 = Release|x64
		{FA97AC77-FC8A-4A52-80F4-CB17952D0115}.Release|x86.ActiveCfg = Release|Win32
		{FA97AC77-FC8A-4A52-80F4-CB17952D0115}.Release|x86.Build.0 = Release|Win32
	EndGlobalSection
	GlobalSection(SolutionProperties) = preSolution
		HideSolutionNode = FALSE
	EndGlobalSection
	GlobalSection(ExtensibilityGlobals) = postSolution
		SolutionGuid = {CE49983C-740A-464D-BE7A-E98F03B96DC7}
	EndGlobalSection
EndGlobal
